
Microsoft Visual Studio Solution File, Format Version 12.00
# Visual Studio Version 16
VisualStudioVersion = 16.0.31727.386
MinimumVisualStudioVersion = 10.0.40219.1
Project("{FAE04EC0-301F-11D3-BF4B-00C04F79EFBC}") = "Constantes", "Constantes\Constantes.csproj", "{DF4F83FA-6A73-4BB5-AAE0-557955D3CC1B}"
EndProject
Global
	GlobalSection(SolutionConfigurationPlatforms) = preSolution
		Debug|Any CPU = Debug|Any CPU
		Release|Any CPU = Release|Any CPU
	EndGlobalSection
	GlobalSection(ProjectConfigurationPlatforms) = postSolution
		{DF4F83FA-6A73-4BB5-AAE0-557955D3CC1B}.Debug|Any CPU.ActiveCfg = Debug|Any CPU
		{DF4F83FA-6A73-4BB5-AAE0-557955D3CC1B}.Debug|Any CPU.Build.0 = Debug|Any CPU
		{DF4F83FA-6A73-4BB5-AAE0-557955D3CC1B}.Release|Any CPU.ActiveCfg = Release|Any CPU
		{DF4F83FA-6A73-4BB5-AAE0-557955D3CC1B}.Release|Any CPU.Build.0 = Release|Any CPU
	EndGlobalSection
	GlobalSection(SolutionProperties) = preSolution
		HideSolutionNode = FALSE
	EndGlobalSection
	GlobalSection(ExtensibilityGlobals) = postSolution
		SolutionGuid = {02BABEDA-F80B-4A49-8FA3-AD14831358AB}
	EndGlobalSection
EndGlobal
